
Microsoft Visual Studio Solution File, Format Version 12.00
# Visual Studio 15
VisualStudioVersion = 15.0.26730.10
MinimumVisualStudioVersion = 10.0.40219.1
Project("{FAE04EC0-301F-11D3-BF4B-00C04F79EFBC}") = "WcfServiceExample.Service", "WcfServiceExample.Service\WcfServiceExample.Service.csproj", "{40AF017A-FB35-446D-920E-0E3E00D5B227}"
EndProject
Project("{FAE04EC0-301F-11D3-BF4B-00C04F79EFBC}") = "WcfServiceExample.Client", "WcfServiceExample.Client\WcfServiceExample.Client.csproj", "{A209B604-E361-4E3D-A7C5-CD84A4B7CBE0}"
	ProjectSection(ProjectDependencies) = postProject
		{40AF017A-FB35-446D-920E-0E3E00D5B227} = {40AF017A-FB35-446D-920E-0E3E00D5B227}
	EndProjectSection
EndProject
Global
	GlobalSection(SolutionConfigurationPlatforms) = preSolution
		Debug|Any CPU = Debug|Any CPU
		Release|Any CPU = Release|Any CPU
	EndGlobalSection
	GlobalSection(ProjectConfigurationPlatforms) = postSolution
		{40AF017A-FB35-446D-920E-0E3E00D5B227}.Debug|Any CPU.ActiveCfg = Debug|Any CPU
		{40AF017A-FB35-446D-920E-0E3E00D5B227}.Debug|Any CPU.Build.0 = Debug|Any CPU
		{40AF017A-FB35-446D-920E-0E3E00D5B227}.Release|Any CPU.ActiveCfg = Release|Any CPU
		{40AF017A-FB35-446D-920E-0E3E00D5B227}.Release|Any CPU.Build.0 = Release|Any CPU
		{A209B604-E361-4E3D-A7C5-CD84A4B7CBE0}.Debug|Any CPU.ActiveCfg = Debug|Any CPU
		{A209B604-E361-4E3D-A7C5-CD84A4B7CBE0}.Debug|Any CPU.Build.0 = Debug|Any CPU
		{A209B604-E361-4E3D-A7C5-CD84A4B7CBE0}.Release|Any CPU.ActiveCfg = Release|Any CPU
		{A209B604-E361-4E3D-A7C5-CD84A4B7CBE0}.Release|Any CPU.Build.0 = Release|Any CPU
	EndGlobalSection
	GlobalSection(SolutionProperties) = preSolution
		HideSolutionNode = FALSE
	EndGlobalSection
	GlobalSection(ExtensibilityGlobals) = postSolution
		SolutionGuid = {803916F9-508D-4B61-9092-F472326D8585}
	EndGlobalSection
EndGlobal
